
Microsoft Visual Studio Solution File, Format Version 12.00
# Visual Studio 15
VisualStudioVersion = 15.0.28307.572
MinimumVisualStudioVersion = 10.0.40219.1
Project("{FAE04EC0-301F-11D3-BF4B-00C04F79EFBC}") = "UnitTestHelperLibrary", "UnitTestHelperLibrary\UnitTestHelperLibrary.csproj", "{ABF324B9-6913-4210-B575-ED473DF81385}"
EndProject
Project("{FAE04EC0-301F-11D3-BF4B-00C04F79EFBC}") = "UnitTestHelperLibrary.Tests", "UnitTestHelperLibrary.Tests\UnitTestHelperLibrary.Tests.csproj", "{83F7A74D-2917-4162-A40A-1E5362CAA547}"
EndProject
Global
	GlobalSection(SolutionConfigurationPlatforms) = preSolution
		Debug|Any CPU = Debug|Any CPU
		Release|Any CPU = Release|Any CPU
	EndGlobalSection
	GlobalSection(ProjectConfigurationPlatforms) = postSolution
		{ABF324B9-6913-4210-B575-ED473DF81385}.Debug|Any CPU.ActiveCfg = Debug|Any CPU
		{ABF324B9-6913-4210-B575-ED473DF81385}.Debug|Any CPU.Build.0 = Debug|Any CPU
		{ABF324B9-6913-4210-B575-ED473DF81385}.Release|Any CPU.ActiveCfg = Release|Any CPU
		{ABF324B9-6913-4210-B575-ED473DF81385}.Release|Any CPU.Build.0 = Release|Any CPU
		{83F7A74D-2917-4162-A40A-1E5362CAA547}.Debug|Any CPU.ActiveCfg = Debug|Any CPU
		{83F7A74D-2917-4162-A40A-1E5362CAA547}.Debug|Any CPU.Build.0 = Debug|Any CPU
		{83F7A74D-2917-4162-A40A-1E5362CAA547}.Release|Any CPU.ActiveCfg = Release|Any CPU
		{83F7A74D-2917-4162-A40A-1E5362CAA547}.Release|Any CPU.Build.0 = Release|Any CPU
	EndGlobalSection
	GlobalSection(SolutionProperties) = preSolution
		HideSolutionNode = FALSE
	EndGlobalSection
	GlobalSection(ExtensibilityGlobals) = postSolution
		SolutionGuid = {39B6AFF0-5849-4251-AC76-614666A4DA22}
	EndGlobalSection
EndGlobal
